
Microsoft Visual Studio Solution File, Format Version 12.00
# Visual Studio Version 16
VisualStudioVersion = 16.0.32002.261
MinimumVisualStudioVersion = 10.0.40219.1
Project("{FAE04EC0-301F-11D3-BF4B-00C04F79EFBC}") = "TestingTools", "TestingTools\TestingTools.csproj", "{11A12B7B-5A4C-448E-8A18-EB188F9CCAF3}"
EndProject
Global
	GlobalSection(SolutionConfigurationPlatforms) = preSolution
		Debug|Any CPU = Debug|Any CPU
		Release|Any CPU = Release|Any CPU
	EndGlobalSection
	GlobalSection(ProjectConfigurationPlatforms) = postSolution
		{11A12B7B-5A4C-448E-8A18-EB188F9CCAF3}.Debug|Any CPU.ActiveCfg = Debug|Any CPU
		{11A12B7B-5A4C-448E-8A18-EB188F9CCAF3}.Debug|Any CPU.Build.0 = Debug|Any CPU
		{11A12B7B-5A4C-448E-8A18-EB188F9CCAF3}.Release|Any CPU.ActiveCfg = Release|Any CPU
		{11A12B7B-5A4C-448E-8A18-EB188F9CCAF3}.Release|Any CPU.Build.0 = Release|Any CPU
	EndGlobalSection
	GlobalSection(SolutionProperties) = preSolution
		HideSolutionNode = FALSE
	EndGlobalSection
	GlobalSection(ExtensibilityGlobals) = postSolution
		SolutionGuid = {ADC67E88-0AAE-4EEA-B08D-DE798C3A8621}
	EndGlobalSection
EndGlobal
